
Microsoft Visual Studio Solution File, Format Version 12.00
# Visual Studio Version 17
VisualStudioVersion = 17.4.33403.182
MinimumVisualStudioVersion = 10.0.40219.1
Project("{2150E333-8FDC-42A3-9474-1A3956D46DE8}") = "1_Core", "1_Core", "{A2B7D85C-E9F5-45C8-90BD-CF2D98CBFBD5}"
EndProject
Project("{2150E333-8FDC-42A3-9474-1A3956D46DE8}") = "2_Infrastructure", "2_Infrastructure", "{E50D5BE9-56A9-4D09-B53B-9F82B621D03A}"
EndProject
Project("{2150E333-8FDC-42A3-9474-1A3956D46DE8}") = "3_UI", "3_UI", "{67F1FDD7-3224-4F02-9210-17DF1510E3E7}"
EndProject
Project("{2150E333-8FDC-42A3-9474-1A3956D46DE8}") = "4_Test", "4_Test", "{3923D79A-AD3A-41B2-9506-AC14E3EDC7D9}"
EndProject
Project("{9A19103F-16F7-4668-BE54-9A1E7A4F7556}") = "Demo.NetStandard.Core", "src\1_Core\Demo.NetStandard.Core\Demo.NetStandard.Core.csproj", "{1B674A22-CF9B-4474-A806-A7A037D09857}"
EndProject
Project("{9A19103F-16F7-4668-BE54-9A1E7A4F7556}") = "Demo.NetStandard.Infrast.Impl.JsonService", "src\2_Infrastructure\Demo.NetStandard.Infrast.Impl.JsonService\Demo.NetStandard.Infrast.Impl.JsonService.csproj", "{DCDDF7D5-CC7B-42F2-88B9-0258B7372987}"
EndProject
Project("{9A19103F-16F7-4668-BE54-9A1E7A4F7556}") = "Demo.NetStandard.Infrast.Impl.XmlService", "src\2_Infrastructure\Demo.NetStandard.Infrast.Impl.XmlService\Demo.NetStandard.Infrast.Impl.XmlService.csproj", "{E4CDCCA0-B157-4A5B-9000-5FF4593C177D}"
EndProject
Project("{2150E333-8FDC-42A3-9474-1A3956D46DE8}") = "Wpf", "Wpf", "{CE1ED979-053F-4CC6-A686-D93BA88D2294}"
EndProject
Project("{9A19103F-16F7-4668-BE54-9A1E7A4F7556}") = "Demo.Net.WpfApp", "src\3_UI\Wpf\Demo.Net.WpfApp\Demo.Net.WpfApp.csproj", "{67C18F2E-9125-4AC0-A10F-ED9BB721AFEE}"
EndProject
Project("{9A19103F-16F7-4668-BE54-9A1E7A4F7556}") = "Demo.Net.Wpf.JsonView", "src\3_UI\Wpf\Demo.Net.Wpf.JsonView\Demo.Net.Wpf.JsonView.csproj", "{3BDA900A-FE8E-43BB-A324-62F757D11AA8}"
EndProject
Project("{9A19103F-16F7-4668-BE54-9A1E7A4F7556}") = "Demo.Net.Wpf.XmlView", "src\3_UI\Wpf\Demo.Net.Wpf.XmlView\Demo.Net.Wpf.XmlView.csproj", "{48953440-A35C-4A35-A01C-630F65BD1066}"
EndProject
Project("{FAE04EC0-301F-11D3-BF4B-00C04F79EFBC}") = "Demo.Net.Wpf.Core", "src\3_UI\Wpf\Demo.Net.Wpf.Core\Demo.Net.Wpf.Core.csproj", "{33C85202-3D76-420F-96B5-AAAC44C9425B}"
EndProject
Global
	GlobalSection(SolutionConfigurationPlatforms) = preSolution
		Debug|Any CPU = Debug|Any CPU
		Release|Any CPU = Release|Any CPU
	EndGlobalSection
	GlobalSection(ProjectConfigurationPlatforms) = postSolution
		{1B674A22-CF9B-4474-A806-A7A037D09857}.Debug|Any CPU.ActiveCfg = Debug|Any CPU
		{1B674A22-CF9B-4474-A806-A7A037D09857}.Debug|Any CPU.Build.0 = Debug|Any CPU
		{1B674A22-CF9B-4474-A806-A7A037D09857}.Release|Any CPU.ActiveCfg = Release|Any CPU
		{1B674A22-CF9B-4474-A806-A7A037D09857}.Release|Any CPU.Build.0 = Release|Any CPU
		{DCDDF7D5-CC7B-42F2-88B9-0258B7372987}.Debug|Any CPU.ActiveCfg = Debug|Any CPU
		{DCDDF7D5-CC7B-42F2-88B9-0258B7372987}.Debug|Any CPU.Build.0 = Debug|Any CPU
		{DCDDF7D5-CC7B-42F2-88B9-0258B7372987}.Release|Any CPU.ActiveCfg = Release|Any CPU
		{DCDDF7D5-CC7B-42F2-88B9-0258B7372987}.Release|Any CPU.Build.0 = Release|Any CPU
		{E4CDCCA0-B157-4A5B-9000-5FF4593C177D}.Debug|Any CPU.ActiveCfg = Debug|Any CPU
		{E4CDCCA0-B157-4A5B-9000-5FF4593C177D}.Debug|Any CPU.Build.0 = Debug|Any CPU
		{E4CDCCA0-B157-4A5B-9000-5FF4593C177D}.Release|Any CPU.ActiveCfg = Release|Any CPU
		{E4CDCCA0-B157-4A5B-9000-5FF4593C177D}.Release|Any CPU.Build.0 = Release|Any CPU
		{67C18F2E-9125-4AC0-A10F-ED9BB721AFEE}.Debug|Any CPU.ActiveCfg = Debug|Any CPU
		{67C18F2E-9125-4AC0-A10F-ED9BB721AFEE}.Debug|Any CPU.Build.0 = Debug|Any CPU
		{67C18F2E-9125-4AC0-A10F-ED9BB721AFEE}.Release|Any CPU.ActiveCfg = Release|Any CPU
		{67C18F2E-9125-4AC0-A10F-ED9BB721AFEE}.Release|Any CPU.Build.0 = Release|Any CPU
		{3BDA900A-FE8E-43BB-A324-62F757D11AA8}.Debug|Any CPU.ActiveCfg = Debug|Any CPU
		{3BDA900A-FE8E-43BB-A324-62F757D11AA8}.Debug|Any CPU.Build.0 = Debug|Any CPU
		{3BDA900A-FE8E-43BB-A324-62F757D11AA8}.Release|Any CPU.ActiveCfg = Release|Any CPU
		{3BDA900A-FE8E-43BB-A324-62F757D11AA8}.Release|Any CPU.Build.0 = Release|Any CPU
		{48953440-A35C-4A35-A01C-630F65BD1066}.Debug|Any CPU.ActiveCfg = Debug|Any CPU
		{48953440-A35C-4A35-A01C-630F65BD1066}.Debug|Any CPU.Build.0 = Debug|Any CPU
		{48953440-A35C-4A35-A01C-630F65BD1066}.Release|Any CPU.ActiveCfg = Release|Any CPU
		{48953440-A35C-4A35-A01C-630F65BD1066}.Release|Any CPU.Build.0 = Release|Any CPU
		{33C85202-3D76-420F-96B5-AAAC44C9425B}.Debug|Any CPU.ActiveCfg = Debug|Any CPU
		{33C85202-3D76-420F-96B5-AAAC44C9425B}.Debug|Any CPU.Build.0 = Debug|Any CPU
		{33C85202-3D76-420F-96B5-AAAC44C9425B}.Release|Any CPU.ActiveCfg = Release|Any CPU
		{33C85202-3D76-420F-96B5-AAAC44C9425B}.Release|Any CPU.Build.0 = Release|Any CPU
	EndGlobalSection
	GlobalSection(SolutionProperties) = preSolution
		HideSolutionNode = FALSE
	EndGlobalSection
	GlobalSection(NestedProjects) = preSolution
		{1B674A22-CF9B-4474-A806-A7A037D09857} = {A2B7D85C-E9F5-45C8-90BD-CF2D98CBFBD5}
		{DCDDF7D5-CC7B-42F2-88B9-0258B7372987} = {E50D5BE9-56A9-4D09-B53B-9F82B621D03A}
		{E4CDCCA0-B157-4A5B-9000-5FF4593C177D} = {E50D5BE9-56A9-4D09-B53B-9F82B621D03A}
		{CE1ED979-053F-4CC6-A686-D93BA88D2294} = {67F1FDD7-3224-4F02-9210-17DF1510E3E7}
		{67C18F2E-9125-4AC0-A10F-ED9BB721AFEE} = {CE1ED979-053F-4CC6-A686-D93BA88D2294}
		{3BDA900A-FE8E-43BB-A324-62F757D11AA8} = {CE1ED979-053F-4CC6-A686-D93BA88D2294}
		{48953440-A35C-4A35-A01C-630F65BD1066} = {CE1ED979-053F-4CC6-A686-D93BA88D2294}
		{33C85202-3D76-420F-96B5-AAAC44C9425B} = {CE1ED979-053F-4CC6-A686-D93BA88D2294}
	EndGlobalSection
	GlobalSection(ExtensibilityGlobals) = postSolution
		SolutionGuid = {42BF3B49-E541-4E42-BE64-26F1528C71D5}
	EndGlobalSection
EndGlobal
