
Microsoft Visual Studio Solution File, Format Version 12.00
# Visual Studio Version 17
VisualStudioVersion = 17.4.33403.182
MinimumVisualStudioVersion = 10.0.40219.1
Project("{2150E333-8FDC-42A3-9474-1A3956D46DE8}") = "1_Core", "1_Core", "{A2B7D85C-E9F5-45C8-90BD-CF2D98CBFBD5}"
EndProject
Project("{2150E333-8FDC-42A3-9474-1A3956D46DE8}") = "2_Infrastructure", "2_Infrastructure", "{E50D5BE9-56A9-4D09-B53B-9F82B621D03A}"
EndProject
Project("{2150E333-8FDC-42A3-9474-1A3956D46DE8}") = "3_UI", "3_UI", "{67F1FDD7-3224-4F02-9210-17DF1510E3E7}"
EndProject
Project("{2150E333-8FDC-42A3-9474-1A3956D46DE8}") = "4_Tests", "4_Tests", "{3923D79A-AD3A-41B2-9506-AC14E3EDC7D9}"
EndProject
Project("{9A19103F-16F7-4668-BE54-9A1E7A4F7556}") = "Demo.NetStandard.Core", "src\1_Core\Demo.NetStandard.Core\Demo.NetStandard.Core.csproj", "{1B674A22-CF9B-4474-A806-A7A037D09857}"
EndProject
Project("{2150E333-8FDC-42A3-9474-1A3956D46DE8}") = "Wpf", "Wpf", "{CE1ED979-053F-4CC6-A686-D93BA88D2294}"
EndProject
Project("{9A19103F-16F7-4668-BE54-9A1E7A4F7556}") = "Demo.Net.WpfApp", "src\3_UI\Wpf\Demo.Net.WpfApp\Demo.Net.WpfApp.csproj", "{67C18F2E-9125-4AC0-A10F-ED9BB721AFEE}"
EndProject
Project("{9A19103F-16F7-4668-BE54-9A1E7A4F7556}") = "Demo.Net.Wpf.JsonPresenter", "src\3_UI\Wpf\Demo.Net.Wpf.JsonPresenter\Demo.Net.Wpf.JsonPresenter.csproj", "{94C9EF8B-52BE-4264-943A-8475DF2E1B72}"
EndProject
Project("{9A19103F-16F7-4668-BE54-9A1E7A4F7556}") = "Demo.Net.Wpf.XmlPresenter", "src\3_UI\Wpf\Demo.Net.Wpf.XmlPresenter\Demo.Net.Wpf.XmlPresenter.csproj", "{673FA97E-9080-4481-8485-3A124F83CF67}"
EndProject
Project("{9A19103F-16F7-4668-BE54-9A1E7A4F7556}") = "Demo.Net.Wpf.Shared", "src\3_UI\Wpf\Demo.Net.Wpf.Shared\Demo.Net.Wpf.Shared.csproj", "{47E57D01-198F-41A1-BC76-007807840AD5}"
EndProject
Project("{9A19103F-16F7-4668-BE54-9A1E7A4F7556}") = "Demo.Infrast.Impl.JsonService.Test", "src\4_Tests\Demo.Infrast.Impl.JsonService.Test\Demo.Infrast.Impl.JsonService.Test.csproj", "{2116F5B9-6475-4486-8A33-4C61928CC32B}"
EndProject
Project("{9A19103F-16F7-4668-BE54-9A1E7A4F7556}") = "Demo.Infrast.Impl.XmlService.Test", "src\4_Tests\Demo.Infrast.Impl.XmlService.Test\Demo.Infrast.Impl.XmlService.Test.csproj", "{98978028-09D4-487C-9C34-AC76BA0A0F64}"
EndProject
Project("{2150E333-8FDC-42A3-9474-1A3956D46DE8}") = "Solution Items", "Solution Items", "{E8ADD407-7D5A-4754-8E86-33547E76E240}"
	ProjectSection(SolutionItems) = preProject
		Demo.Version.props = Demo.Version.props
	EndProjectSection
EndProject
Project("{2150E333-8FDC-42A3-9474-1A3956D46DE8}") = "MAUI", "MAUI", "{CAA74E2A-3294-4B7B-9373-0DEC2F7AF49C}"
EndProject
Project("{9A19103F-16F7-4668-BE54-9A1E7A4F7556}") = "Demo.Net.Maui.UIApp", "src\3_UI\Maui\Demo.NET.Maui.UIApp\Demo.Net.Maui.UIApp.csproj", "{BB4BF281-B968-48CE-9B94-D2FC69E260CE}"
EndProject
Project("{9A19103F-16F7-4668-BE54-9A1E7A4F7556}") = "Demo.Net.Maui.Shared", "src\3_UI\Maui\Demo.NET.Maui.Shared\Demo.Net.Maui.Shared.csproj", "{3E05883A-EA7B-43B5-8A3F-16CD119BDAAF}"
EndProject
Project("{9A19103F-16F7-4668-BE54-9A1E7A4F7556}") = "Demo.Net.Infrast.Impl.JsonService", "src\2_Infrastructure\Demo.Net.Infrast.Impl.JsonService\Demo.Net.Infrast.Impl.JsonService.csproj", "{78D16BEB-70E6-4241-88D2-C54F94D67274}"
EndProject
Project("{9A19103F-16F7-4668-BE54-9A1E7A4F7556}") = "Demo.Net.Infrast.Impl.XmlService", "src\2_Infrastructure\Demo.Net.Infrast.Impl.XmlService\Demo.Net.Infrast.Impl.XmlService.csproj", "{136B6997-23A4-41C8-9B5A-2A1D619E91BE}"
EndProject
Project("{9A19103F-16F7-4668-BE54-9A1E7A4F7556}") = "Demo.Net.Infrast.Impl.SQLiteService", "src\2_Infrastructure\Demo.Net.Infrast.Impl.SQLiteService\Demo.Net.Infrast.Impl.SQLiteService.csproj", "{2F2B98C0-81EB-4284-93E5-50BC57EC874F}"
EndProject
Project("{9A19103F-16F7-4668-BE54-9A1E7A4F7556}") = "Demo.Infrast.Impl.SQLiteService.Test", "src\4_Tests\Demo.Infrast.Impl.SQLiteService.Test\Demo.Infrast.Impl.SQLiteService.Test.csproj", "{6E16FDA0-7FD9-4832-ADA5-FCD3D847C0BC}"
EndProject
Project("{9A19103F-16F7-4668-BE54-9A1E7A4F7556}") = "Demo.Net.Maui.SQLitePresenter", "src\3_UI\Maui\Demo.Net.Maui.SQLitePresenter\Demo.Net.Maui.SQLitePresenter.csproj", "{2FC26D43-8E72-41DE-B134-13E7DC42B1EC}"
EndProject
Project("{2150E333-8FDC-42A3-9474-1A3956D46DE8}") = "Web", "Web", "{91A155EA-8973-4D6D-AB6B-C2912CACB74B}"
EndProject
Project("{FAE04EC0-301F-11D3-BF4B-00C04F79EFBC}") = "Demo.Net.Blazor.App", "src\3_UI\Web\Demo.Net.Blazor.App\Demo.Net.Blazor.App.csproj", "{77EA048B-C9A6-4615-9DC5-445DDFECBFC0}"
EndProject
Global
	GlobalSection(SolutionConfigurationPlatforms) = preSolution
		Debug|Any CPU = Debug|Any CPU
		Release|Any CPU = Release|Any CPU
	EndGlobalSection
	GlobalSection(ProjectConfigurationPlatforms) = postSolution
		{1B674A22-CF9B-4474-A806-A7A037D09857}.Debug|Any CPU.ActiveCfg = Debug|Any CPU
		{1B674A22-CF9B-4474-A806-A7A037D09857}.Debug|Any CPU.Build.0 = Debug|Any CPU
		{1B674A22-CF9B-4474-A806-A7A037D09857}.Release|Any CPU.ActiveCfg = Release|Any CPU
		{1B674A22-CF9B-4474-A806-A7A037D09857}.Release|Any CPU.Build.0 = Release|Any CPU
		{67C18F2E-9125-4AC0-A10F-ED9BB721AFEE}.Debug|Any CPU.ActiveCfg = Debug|Any CPU
		{67C18F2E-9125-4AC0-A10F-ED9BB721AFEE}.Debug|Any CPU.Build.0 = Debug|Any CPU
		{67C18F2E-9125-4AC0-A10F-ED9BB721AFEE}.Release|Any CPU.ActiveCfg = Release|Any CPU
		{67C18F2E-9125-4AC0-A10F-ED9BB721AFEE}.Release|Any CPU.Build.0 = Release|Any CPU
		{94C9EF8B-52BE-4264-943A-8475DF2E1B72}.Debug|Any CPU.ActiveCfg = Debug|Any CPU
		{94C9EF8B-52BE-4264-943A-8475DF2E1B72}.Debug|Any CPU.Build.0 = Debug|Any CPU
		{94C9EF8B-52BE-4264-943A-8475DF2E1B72}.Release|Any CPU.ActiveCfg = Release|Any CPU
		{94C9EF8B-52BE-4264-943A-8475DF2E1B72}.Release|Any CPU.Build.0 = Release|Any CPU
		{673FA97E-9080-4481-8485-3A124F83CF67}.Debug|Any CPU.ActiveCfg = Debug|Any CPU
		{673FA97E-9080-4481-8485-3A124F83CF67}.Debug|Any CPU.Build.0 = Debug|Any CPU
		{673FA97E-9080-4481-8485-3A124F83CF67}.Release|Any CPU.ActiveCfg = Release|Any CPU
		{673FA97E-9080-4481-8485-3A124F83CF67}.Release|Any CPU.Build.0 = Release|Any CPU
		{47E57D01-198F-41A1-BC76-007807840AD5}.Debug|Any CPU.ActiveCfg = Debug|Any CPU
		{47E57D01-198F-41A1-BC76-007807840AD5}.Debug|Any CPU.Build.0 = Debug|Any CPU
		{47E57D01-198F-41A1-BC76-007807840AD5}.Release|Any CPU.ActiveCfg = Release|Any CPU
		{47E57D01-198F-41A1-BC76-007807840AD5}.Release|Any CPU.Build.0 = Release|Any CPU
		{2116F5B9-6475-4486-8A33-4C61928CC32B}.Debug|Any CPU.ActiveCfg = Debug|Any CPU
		{2116F5B9-6475-4486-8A33-4C61928CC32B}.Debug|Any CPU.Build.0 = Debug|Any CPU
		{2116F5B9-6475-4486-8A33-4C61928CC32B}.Release|Any CPU.ActiveCfg = Release|Any CPU
		{2116F5B9-6475-4486-8A33-4C61928CC32B}.Release|Any CPU.Build.0 = Release|Any CPU
		{98978028-09D4-487C-9C34-AC76BA0A0F64}.Debug|Any CPU.ActiveCfg = Debug|Any CPU
		{98978028-09D4-487C-9C34-AC76BA0A0F64}.Debug|Any CPU.Build.0 = Debug|Any CPU
		{98978028-09D4-487C-9C34-AC76BA0A0F64}.Release|Any CPU.ActiveCfg = Release|Any CPU
		{98978028-09D4-487C-9C34-AC76BA0A0F64}.Release|Any CPU.Build.0 = Release|Any CPU
		{BB4BF281-B968-48CE-9B94-D2FC69E260CE}.Debug|Any CPU.ActiveCfg = Debug|Any CPU
		{BB4BF281-B968-48CE-9B94-D2FC69E260CE}.Debug|Any CPU.Build.0 = Debug|Any CPU
		{BB4BF281-B968-48CE-9B94-D2FC69E260CE}.Debug|Any CPU.Deploy.0 = Debug|Any CPU
		{BB4BF281-B968-48CE-9B94-D2FC69E260CE}.Release|Any CPU.ActiveCfg = Release|Any CPU
		{BB4BF281-B968-48CE-9B94-D2FC69E260CE}.Release|Any CPU.Build.0 = Release|Any CPU
		{BB4BF281-B968-48CE-9B94-D2FC69E260CE}.Release|Any CPU.Deploy.0 = Release|Any CPU
		{3E05883A-EA7B-43B5-8A3F-16CD119BDAAF}.Debug|Any CPU.ActiveCfg = Debug|Any CPU
		{3E05883A-EA7B-43B5-8A3F-16CD119BDAAF}.Debug|Any CPU.Build.0 = Debug|Any CPU
		{3E05883A-EA7B-43B5-8A3F-16CD119BDAAF}.Release|Any CPU.ActiveCfg = Release|Any CPU
		{3E05883A-EA7B-43B5-8A3F-16CD119BDAAF}.Release|Any CPU.Build.0 = Release|Any CPU
		{78D16BEB-70E6-4241-88D2-C54F94D67274}.Debug|Any CPU.ActiveCfg = Debug|Any CPU
		{78D16BEB-70E6-4241-88D2-C54F94D67274}.Debug|Any CPU.Build.0 = Debug|Any CPU
		{78D16BEB-70E6-4241-88D2-C54F94D67274}.Release|Any CPU.ActiveCfg = Release|Any CPU
		{78D16BEB-70E6-4241-88D2-C54F94D67274}.Release|Any CPU.Build.0 = Release|Any CPU
		{136B6997-23A4-41C8-9B5A-2A1D619E91BE}.Debug|Any CPU.ActiveCfg = Debug|Any CPU
		{136B6997-23A4-41C8-9B5A-2A1D619E91BE}.Debug|Any CPU.Build.0 = Debug|Any CPU
		{136B6997-23A4-41C8-9B5A-2A1D619E91BE}.Release|Any CPU.ActiveCfg = Release|Any CPU
		{136B6997-23A4-41C8-9B5A-2A1D619E91BE}.Release|Any CPU.Build.0 = Release|Any CPU
		{2F2B98C0-81EB-4284-93E5-50BC57EC874F}.Debug|Any CPU.ActiveCfg = Debug|Any CPU
		{2F2B98C0-81EB-4284-93E5-50BC57EC874F}.Debug|Any CPU.Build.0 = Debug|Any CPU
		{2F2B98C0-81EB-4284-93E5-50BC57EC874F}.Release|Any CPU.ActiveCfg = Release|Any CPU
		{2F2B98C0-81EB-4284-93E5-50BC57EC874F}.Release|Any CPU.Build.0 = Release|Any CPU
		{6E16FDA0-7FD9-4832-ADA5-FCD3D847C0BC}.Debug|Any CPU.ActiveCfg = Debug|Any CPU
		{6E16FDA0-7FD9-4832-ADA5-FCD3D847C0BC}.Debug|Any CPU.Build.0 = Debug|Any CPU
		{6E16FDA0-7FD9-4832-ADA5-FCD3D847C0BC}.Release|Any CPU.ActiveCfg = Release|Any CPU
		{6E16FDA0-7FD9-4832-ADA5-FCD3D847C0BC}.Release|Any CPU.Build.0 = Release|Any CPU
		{2FC26D43-8E72-41DE-B134-13E7DC42B1EC}.Debug|Any CPU.ActiveCfg = Debug|Any CPU
		{2FC26D43-8E72-41DE-B134-13E7DC42B1EC}.Debug|Any CPU.Build.0 = Debug|Any CPU
		{2FC26D43-8E72-41DE-B134-13E7DC42B1EC}.Release|Any CPU.ActiveCfg = Release|Any CPU
		{2FC26D43-8E72-41DE-B134-13E7DC42B1EC}.Release|Any CPU.Build.0 = Release|Any CPU
		{77EA048B-C9A6-4615-9DC5-445DDFECBFC0}.Debug|Any CPU.ActiveCfg = Debug|Any CPU
		{77EA048B-C9A6-4615-9DC5-445DDFECBFC0}.Debug|Any CPU.Build.0 = Debug|Any CPU
		{77EA048B-C9A6-4615-9DC5-445DDFECBFC0}.Release|Any CPU.ActiveCfg = Release|Any CPU
		{77EA048B-C9A6-4615-9DC5-445DDFECBFC0}.Release|Any CPU.Build.0 = Release|Any CPU
	EndGlobalSection
	GlobalSection(SolutionProperties) = preSolution
		HideSolutionNode = FALSE
	EndGlobalSection
	GlobalSection(NestedProjects) = preSolution
		{1B674A22-CF9B-4474-A806-A7A037D09857} = {A2B7D85C-E9F5-45C8-90BD-CF2D98CBFBD5}
		{CE1ED979-053F-4CC6-A686-D93BA88D2294} = {67F1FDD7-3224-4F02-9210-17DF1510E3E7}
		{67C18F2E-9125-4AC0-A10F-ED9BB721AFEE} = {CE1ED979-053F-4CC6-A686-D93BA88D2294}
		{94C9EF8B-52BE-4264-943A-8475DF2E1B72} = {CE1ED979-053F-4CC6-A686-D93BA88D2294}
		{673FA97E-9080-4481-8485-3A124F83CF67} = {CE1ED979-053F-4CC6-A686-D93BA88D2294}
		{47E57D01-198F-41A1-BC76-007807840AD5} = {CE1ED979-053F-4CC6-A686-D93BA88D2294}
		{2116F5B9-6475-4486-8A33-4C61928CC32B} = {3923D79A-AD3A-41B2-9506-AC14E3EDC7D9}
		{98978028-09D4-487C-9C34-AC76BA0A0F64} = {3923D79A-AD3A-41B2-9506-AC14E3EDC7D9}
		{CAA74E2A-3294-4B7B-9373-0DEC2F7AF49C} = {67F1FDD7-3224-4F02-9210-17DF1510E3E7}
		{BB4BF281-B968-48CE-9B94-D2FC69E260CE} = {CAA74E2A-3294-4B7B-9373-0DEC2F7AF49C}
		{3E05883A-EA7B-43B5-8A3F-16CD119BDAAF} = {CAA74E2A-3294-4B7B-9373-0DEC2F7AF49C}
		{78D16BEB-70E6-4241-88D2-C54F94D67274} = {E50D5BE9-56A9-4D09-B53B-9F82B621D03A}
		{136B6997-23A4-41C8-9B5A-2A1D619E91BE} = {E50D5BE9-56A9-4D09-B53B-9F82B621D03A}
		{2F2B98C0-81EB-4284-93E5-50BC57EC874F} = {E50D5BE9-56A9-4D09-B53B-9F82B621D03A}
		{6E16FDA0-7FD9-4832-ADA5-FCD3D847C0BC} = {3923D79A-AD3A-41B2-9506-AC14E3EDC7D9}
		{2FC26D43-8E72-41DE-B134-13E7DC42B1EC} = {CAA74E2A-3294-4B7B-9373-0DEC2F7AF49C}
		{91A155EA-8973-4D6D-AB6B-C2912CACB74B} = {67F1FDD7-3224-4F02-9210-17DF1510E3E7}
		{77EA048B-C9A6-4615-9DC5-445DDFECBFC0} = {91A155EA-8973-4D6D-AB6B-C2912CACB74B}
	EndGlobalSection
	GlobalSection(ExtensibilityGlobals) = postSolution
		SolutionGuid = {42BF3B49-E541-4E42-BE64-26F1528C71D5}
	EndGlobalSection
EndGlobal
